# THIS IS AN AUTOGENERATED FILE. DO NOT EDIT THIS FILE DIRECTLY.
# yarn lockfile v1


"@iopipe/event-info@^1.2.1":
  version "1.2.1"
  resolved "https://registry.yarnpkg.com/@iopipe/event-info/-/event-info-1.2.1.tgz#d964446c120aee93a8780650446ed290ce2fff58"
  dependencies:
    flat "^4.0.0"
    lodash.get "^4.4.2"

"@iopipe/trace@^1.1.1":
  version "1.1.1"
  resolved "https://registry.yarnpkg.com/@iopipe/trace/-/trace-1.1.1.tgz#05b0f1f85c7695975d2c426d52fb495a0a3678ac"
  dependencies:
    performance-node "^0.2.0"

flat@^4.0.0:
  version "4.0.0"
  resolved "https://registry.yarnpkg.com/flat/-/flat-4.0.0.tgz#3abc7f3b588e64ce77dc42fd59aa35806622fea8"
  dependencies:
    is-buffer "~1.1.5"

is-buffer@~1.1.5:
  version "1.1.6"
  resolved "https://registry.yarnpkg.com/is-buffer/-/is-buffer-1.1.6.tgz#efaa2ea9daa0d7ab2ea13a97b2b8ad51fefbe8be"

lodash.get@^4.4.2:
  version "4.4.2"
  resolved "https://registry.yarnpkg.com/lodash.get/-/lodash.get-4.4.2.tgz#2d177f652fa31e939b4438d5341499dfa3825e99"

performance-node@^0.2.0:
  version "0.2.0"
  resolved "https://registry.yarnpkg.com/performance-node/-/performance-node-0.2.0.tgz#03abf74ac0c455f333be505165dacab9110ef5b3"
